
Microsoft Visual Studio Solution File, Format Version 12.00
# Visual Studio Version 16
VisualStudioVersion = 16.0.31911.196
MinimumVisualStudioVersion = 10.0.40219.1
Project("{FAE04EC0-301F-11D3-BF4B-00C04F79EFBC}") = "SyntezaMowy", "SyntezaMowy.csproj", "{00EE2743-5AAA-4F7B-8752-C3F80C345727}"
EndProject
Global
	GlobalSection(SolutionConfigurationPlatforms) = preSolution
		Debug|Any CPU = Debug|Any CPU
		Debug|x64 = Debug|x64
		Release|Any CPU = Release|Any CPU
		Release|x64 = Release|x64
	EndGlobalSection
	GlobalSection(ProjectConfigurationPlatforms) = postSolution
		{00EE2743-5AAA-4F7B-8752-C3F80C345727}.Debug|Any CPU.ActiveCfg = Debug|Any CPU
		{00EE2743-5AAA-4F7B-8752-C3F80C345727}.Debug|Any CPU.Build.0 = Debug|Any CPU
		{00EE2743-5AAA-4F7B-8752-C3F80C345727}.Debug|x64.ActiveCfg = Debug|x64
		{00EE2743-5AAA-4F7B-8752-C3F80C345727}.Debug|x64.Build.0 = Debug|x64
		{00EE2743-5AAA-4F7B-8752-C3F80C345727}.Release|Any CPU.ActiveCfg = Release|Any CPU
		{00EE2743-5AAA-4F7B-8752-C3F80C345727}.Release|Any CPU.Build.0 = Release|Any CPU
		{00EE2743-5AAA-4F7B-8752-C3F80C345727}.Release|x64.ActiveCfg = Release|x64
		{00EE2743-5AAA-4F7B-8752-C3F80C345727}.Release|x64.Build.0 = Release|x64
	EndGlobalSection
	GlobalSection(SolutionProperties) = preSolution
		HideSolutionNode = FALSE
	EndGlobalSection
	GlobalSection(ExtensibilityGlobals) = postSolution
		SolutionGuid = {D5FDDD10-33EC-45CE-B032-58DF3C63987E}
	EndGlobalSection
EndGlobal
